// !$*UTF8*$!
{
	archiveVersion = 1;
	classes = {
	};
	objectVersion = 46;
	objects = {

/* Begin PBXBuildFile section */
		700BE0681A8D74710000E9CF /* Common.swift in Sources */ = {isa = PBXBuildFile; fileRef = 700BE0671A8D74710000E9CF /* Common.swift */; };
		700BE06A1A8D78540000E9CF /* IntroViewController.swift in Sources */ = {isa = PBXBuildFile; fileRef = 700BE0691A8D78540000E9CF /* IntroViewController.swift */; };
		70171EBB1A8A7EAF00EF2334 /* AppDelegate.swift in Sources */ = {isa = PBXBuildFile; fileRef = 70171EBA1A8A7EAF00EF2334 /* AppDelegate.swift */; };
		70171EBD1A8A7EAF00EF2334 /* ViewController.swift in Sources */ = {isa = PBXBuildFile; fileRef = 70171EBC1A8A7EAF00EF2334 /* ViewController.swift */; };
		70171EC01A8A7EAF00EF2334 /* Main.storyboard in Resources */ = {isa = PBXBuildFile; fileRef = 70171EBE1A8A7EAF00EF2334 /* Main.storyboard */; };
		70171EC21A8A7EAF00EF2334 /* Images.xcassets in Resources */ = {isa = PBXBuildFile; fileRef = 70171EC11A8A7EAF00EF2334 /* Images.xcassets */; };
		70171ED11A8A7EAF00EF2334 /* CarouselTests.swift in Sources */ = {isa = PBXBuildFile; fileRef = 70171ED01A8A7EAF00EF2334 /* CarouselTests.swift */; };
		70814B381A8D7E0E007881CA /* CreateAccountViewController.swift in Sources */ = {isa = PBXBuildFile; fileRef = 70814B371A8D7E0E007881CA /* CreateAccountViewController.swift */; };
		70814B3A1A8D7E22007881CA /* SignInViewController.swift in Sources */ = {isa = PBXBuildFile; fileRef = 70814B391A8D7E22007881CA /* SignInViewController.swift */; };
		70814B3C1A8D8976007881CA /* TutorialViewController.swift in Sources */ = {isa = PBXBuildFile; fileRef = 70814B3B1A8D8976007881CA /* TutorialViewController.swift */; };
		70814B3E1A8EBF61007881CA /* SettingsViewController.swift in Sources */ = {isa = PBXBuildFile; fileRef = 70814B3D1A8EBF61007881CA /* SettingsViewController.swift */; };
/* End PBXBuildFile section */

/* Begin PBXContainerItemProxy section */
		70171ECB1A8A7EAF00EF2334 /* PBXContainerItemProxy */ = {
			isa = PBXContainerItemProxy;
			containerPortal = 70171EAD1A8A7EAF00EF2334 /* Project object */;
			proxyType = 1;
			remoteGlobalIDString = 70171EB41A8A7EAF00EF2334;
			remoteInfo = Carousel;
		};
/* End PBXContainerItemProxy section */

/* Begin PBXFileReference section */
		700BE0671A8D74710000E9CF /* Common.swift */ = {isa = PBXFileReference; fileEncoding = 4; lastKnownFileType = sourcecode.swift; path = Common.swift; sourceTree = "<group>"; };
		700BE0691A8D78540000E9CF /* IntroViewController.swift */ = {isa = PBXFileReference; fileEncoding = 4; lastKnownFileType = sourcecode.swift; path = IntroViewController.swift; sourceTree = "<group>"; };
		70171EB51A8A7EAF00EF2334 /* Carousel.app */ = {isa = PBXFileReference; explicitFileType = wrapper.application; includeInIndex = 0; path = Carousel.app; sourceTree = BUILT_PRODUCTS_DIR; };
		70171EB91A8A7EAF00EF2334 /* Info.plist */ = {isa = PBXFileReference; lastKnownFileType = text.plist.xml; path = Info.plist; sourceTree = "<group>"; };
		70171EBA1A8A7EAF00EF2334 /* AppDelegate.swift */ = {isa = PBXFileReference; lastKnownFileType = sourcecode.swift; path = AppDelegate.swift; sourceTree = "<group>"; };
		70171EBC1A8A7EAF00EF2334 /* ViewController.swift */ = {isa = PBXFileReference; lastKnownFileType = sourcecode.swift; path = ViewController.swift; sourceTree = "<group>"; };
		70171EBF1A8A7EAF00EF2334 /* Base */ = {isa = PBXFileReference; lastKnownFileType = file.storyboard; name = Base; path = Base.lproj/Main.storyboard; sourceTree = "<group>"; };
		70171EC11A8A7EAF00EF2334 /* Images.xcassets */ = {isa = PBXFileReference; lastKnownFileType = folder.assetcatalog; path = Images.xcassets; sourceTree = "<group>"; };
		70171ECA1A8A7EAF00EF2334 /* CarouselTests.xctest */ = {isa = PBXFileReference; explicitFileType = wrapper.cfbundle; includeInIndex = 0; path = CarouselTests.xctest; sourceTree = BUILT_PRODUCTS_DIR; };
		70171ECF1A8A7EAF00EF2334 /* Info.plist */ = {isa = PBXFileReference; lastKnownFileType = text.plist.xml; path = Info.plist; sourceTree = "<group>"; };
		70171ED01A8A7EAF00EF2334 /* CarouselTests.swift */ = {isa = PBXFileReference; lastKnownFileType = sourcecode.swift; path = CarouselTests.swift; sourceTree = "<group>"; };
		70814B371A8D7E0E007881CA /* CreateAccountViewController.swift */ = {isa = PBXFileReference; fileEncoding = 4; lastKnownFileType = sourcecode.swift; path = CreateAccountViewController.swift; sourceTree = "<group>"; };
		70814B391A8D7E22007881CA /* SignInViewController.swift */ = {isa = PBXFileReference; fileEncoding = 4; lastKnownFileType = sourcecode.swift; path = SignInViewController.swift; sourceTree = "<group>"; };
		70814B3B1A8D8976007881CA /* TutorialViewController.swift */ = {isa = PBXFileReference; fileEncoding = 4; lastKnownFileType = sourcecode.swift; path = TutorialViewController.swift; sourceTree = "<group>"; };
		70814B3D1A8EBF61007881CA /* SettingsViewController.swift */ = {isa = PBXFileReference; fileEncoding = 4; lastKnownFileType = sourcecode.swift; path = SettingsViewController.swift; sourceTree = "<group>"; };
/* End PBXFileReference section */

/* Begin PBXFrameworksBuildPhase section */
		70171EB21A8A7EAF00EF2334 /* Frameworks */ = {
			isa = PBXFrameworksBuildPhase;
			buildActionMask = 2147483647;
			files = (
			);
			runOnlyForDeploymentPostprocessing = 0;
		};
		70171EC71A8A7EAF00EF2334 /* Frameworks */ = {
			isa = PBXFrameworksBuildPhase;
			buildActionMask = 2147483647;
			files = (
			);
			runOnlyForDeploymentPostprocessing = 0;
		};
/* End PBXFrameworksBuildPhase section */

/* Begin PBXGroup section */
		70171EAC1A8A7EAF00EF2334 = {
			isa = PBXGroup;
			children = (
				70171EB71A8A7EAF00EF2334 /* Carousel */,
				70171ECD1A8A7EAF00EF2334 /* CarouselTests */,
				70171EB61A8A7EAF00EF2334 /* Products */,
			);
			sourceTree = "<group>";
		};
		70171EB61A8A7EAF00EF2334 /* Products */ = {
			isa = PBXGroup;
			children = (
				70171EB51A8A7EAF00EF2334 /* Carousel.app */,
				70171ECA1A8A7EAF00EF2334 /* CarouselTests.xctest */,
			);
			name = Products;
			sourceTree = "<group>";
		};
		70171EB71A8A7EAF00EF2334 /* Carousel */ = {
			isa = PBXGroup;
			children = (
				70171EBA1A8A7EAF00EF2334 /* AppDelegate.swift */,
				70171EBC1A8A7EAF00EF2334 /* ViewController.swift */,
				700BE0671A8D74710000E9CF /* Common.swift */,
				70171EBE1A8A7EAF00EF2334 /* Main.storyboard */,
				70814B3D1A8EBF61007881CA /* SettingsViewController.swift */,
				70814B3B1A8D8976007881CA /* TutorialViewController.swift */,
				70814B391A8D7E22007881CA /* SignInViewController.swift */,
				70814B371A8D7E0E007881CA /* CreateAccountViewController.swift */,
				700BE0691A8D78540000E9CF /* IntroViewController.swift */,
				70171EC11A8A7EAF00EF2334 /* Images.xcassets */,
				70171EB81A8A7EAF00EF2334 /* Supporting Files */,
			);
			path = Carousel;
			sourceTree = "<group>";
		};
		70171EB81A8A7EAF00EF2334 /* Supporting Files */ = {
			isa = PBXGroup;
			children = (
				70171EB91A8A7EAF00EF2334 /* Info.plist */,
			);
			name = "Supporting Files";
			sourceTree = "<group>";
		};
		70171ECD1A8A7EAF00EF2334 /* CarouselTests */ = {
			isa = PBXGroup;
			children = (
				70171ED01A8A7EAF00EF2334 /* CarouselTests.swift */,
				70171ECE1A8A7EAF00EF2334 /* Supporting Files */,
			);
			path = CarouselTests;
			sourceTree = "<group>";
		};
		70171ECE1A8A7EAF00EF2334 /* Supporting Files */ = {
			isa = PBXGroup;
			children = (
				70171ECF1A8A7EAF00EF2334 /* Info.plist */,
			);
			name = "Supporting Files";
			sourceTree = "<group>";
		};
/* End PBXGroup section */

/* Begin PBXNativeTarget section */
		70171EB41A8A7EAF00EF2334 /* Carousel */ = {
			isa = PBXNativeTarget;
			buildConfigurationList = 70171ED41A8A7EAF00EF2334 /* Build configuration list for PBXNativeTarget "Carousel" */;
			buildPhases = (
				70171EB11A8A7EAF00EF2334 /* Sources */,
				70171EB21A8A7EAF00EF2334 /* Frameworks */,
				70171EB31A8A7EAF00EF2334 /* Resources */,
			);
			buildRules = (
			);
			dependencies = (
			);
			name = Carousel;
			productName = Carousel;
			productReference = 70171EB51A8A7EAF00EF2334 /* Carousel.app */;
			productType = "com.apple.product-type.application";
		};
		70171EC91A8A7EAF00EF2334 /* CarouselTests */ = {
			isa = PBXNativeTarget;
			buildConfigurationList = 70171ED71A8A7EAF00EF2334 /* Build configuration list for PBXNativeTarget "CarouselTests" */;
			buildPhases = (
				70171EC61A8A7EAF00EF2334 /* Sources */,
				70171EC71A8A7EAF00EF2334 /* Frameworks */,
				70171EC81A8A7EAF00EF2334 /* Resources */,
			);
			buildRules = (
			);
			dependencies = (
				70171ECC1A8A7EAF00EF2334 /* PBXTargetDependency */,
			);
			name = CarouselTests;
			productName = CarouselTests;
			productReference = 70171ECA1A8A7EAF00EF2334 /* CarouselTests.xctest */;
			productType = "com.apple.product-type.bundle.unit-test";
		};
/* End PBXNativeTarget section */

/* Begin PBXProject section */
		70171EAD1A8A7EAF00EF2334 /* Project object */ = {
			isa = PBXProject;
			attributes = {
				LastUpgradeCheck = 0610;
				ORGANIZATIONNAME = "i had that dream again";
				TargetAttributes = {
					70171EB41A8A7EAF00EF2334 = {
						CreatedOnToolsVersion = 6.1.1;
					};
					70171EC91A8A7EAF00EF2334 = {
						CreatedOnToolsVersion = 6.1.1;
						TestTargetID = 70171EB41A8A7EAF00EF2334;
					};
				};
			};
			buildConfigurationList = 70171EB01A8A7EAF00EF2334 /* Build configuration list for PBXProject "Carousel" */;
			compatibilityVersion = "Xcode 3.2";
			developmentRegion = English;
			hasScannedForEncodings = 0;
			knownRegions = (
				en,
				Base,
			);
			mainGroup = 70171EAC1A8A7EAF00EF2334;
			productRefGroup = 70171EB61A8A7EAF00EF2334 /* Products */;
			projectDirPath = "";
			projectRoot = "";
			targets = (
				70171EB41A8A7EAF00EF2334 /* Carousel */,
				70171EC91A8A7EAF00EF2334 /* CarouselTests */,
			);
		};
/* End PBXProject section */

/* Begin PBXResourcesBuildPhase section */
		70171EB31A8A7EAF00EF2334 /* Resources */ = {
			isa = PBXResourcesBuildPhase;
			buildActionMask = 2147483647;
			files = (
				70171EC01A8A7EAF00EF2334 /* Main.storyboard in Resources */,
				70171EC21A8A7EAF00EF2334 /* Images.xcassets in Resources */,
			);
			runOnlyForDeploymentPostprocessing = 0;
		};
		70171EC81A8A7EAF00EF2334 /* Resources */ = {
			isa = PBXResourcesBuildPhase;
			buildActionMask = 2147483647;
			files = (
			);
			runOnlyForDeploymentPostprocessing = 0;
		};
/* End PBXResourcesBuildPhase section */

/* Begin PBXSourcesBuildPhase section */
		70171EB11A8A7EAF00EF2334 /* Sources */ = {
			isa = PBXSourcesBuildPhase;
			buildActionMask = 2147483647;
			files = (
				70814B381A8D7E0E007881CA /* CreateAccountViewController.swift in Sources */,
				70814B3C1A8D8976007881CA /* TutorialViewController.swift in Sources */,
				70171EBD1A8A7EAF00EF2334 /* ViewController.swift in Sources */,
				70814B3A1A8D7E22007881CA /* SignInViewController.swift in Sources */,
				700BE0681A8D74710000E9CF /* Common.swift in Sources */,
				70171EBB1A8A7EAF00EF2334 /* AppDelegate.swift in Sources */,
				700BE06A1A8D78540000E9CF /* IntroViewController.swift in Sources */,
				70814B3E1A8EBF61007881CA /* SettingsViewController.swift in Sources */,
			);
			runOnlyForDeploymentPostprocessing = 0;
		};
		70171EC61A8A7EAF00EF2334 /* Sources */ = {
			isa = PBXSourcesBuildPhase;
			buildActionMask = 2147483647;
			files = (
				70171ED11A8A7EAF00EF2334 /* CarouselTests.swift in Sources */,
			);
			runOnlyForDeploymentPostprocessing = 0;
		};
/* End PBXSourcesBuildPhase section */

/* Begin PBXTargetDependency section */
		70171ECC1A8A7EAF00EF2334 /* PBXTargetDependency */ = {
			isa = PBXTargetDependency;
			target = 70171EB41A8A7EAF00EF2334 /* Carousel */;
			targetProxy = 70171ECB1A8A7EAF00EF2334 /* PBXContainerItemProxy */;
		};
/* End PBXTargetDependency section */

/* Begin PBXVariantGroup section */
		70171EBE1A8A7EAF00EF2334 /* Main.storyboard */ = {
			isa = PBXVariantGroup;
			children = (
				70171EBF1A8A7EAF00EF2334 /* Base */,
			);
			name = Main.storyboard;
			sourceTree = "<group>";
		};
/* End PBXVariantGroup section */

/* Begin XCBuildConfiguration section */
		70171ED21A8A7EAF00EF2334 /* Debug */ = {
			isa = XCBuildConfiguration;
			buildSettings = {
				ALWAYS_SEARCH_USER_PATHS = NO;
				CLANG_CXX_LANGUAGE_STANDARD = "gnu++0x";
				CLANG_CXX_LIBRARY = "libc++";
				CLANG_ENABLE_MODULES = YES;
				CLANG_ENABLE_OBJC_ARC = YES;
				CLANG_WARN_BOOL_CONVERSION = YES;
				CLANG_WARN_CONSTANT_CONVERSION = YES;
				CLANG_WARN_DIRECT_OBJC_ISA_USAGE = YES_ERROR;
				CLANG_WARN_EMPTY_BODY = YES;
				CLANG_WARN_ENUM_CONVERSION = YES;
				CLANG_WARN_INT_CONVERSION = YES;
				CLANG_WARN_OBJC_ROOT_CLASS = YES_ERROR;
				CLANG_WARN_UNREACHABLE_CODE = YES;
				CLANG_WARN__DUPLICATE_METHOD_MATCH = YES;
				"CODE_SIGN_IDENTITY[sdk=iphoneos*]" = "iPhone Developer";
				COPY_PHASE_STRIP = NO;
				ENABLE_STRICT_OBJC_MSGSEND = YES;
				GCC_C_LANGUAGE_STANDARD = gnu99;
				GCC_DYNAMIC_NO_PIC = NO;
				GCC_OPTIMIZATION_LEVEL = 0;
				GCC_PREPROCESSOR_DEFINITIONS = (
					"DEBUG=1",
					"$(inherited)",
				);
				GCC_SYMBOLS_PRIVATE_EXTERN = NO;
				GCC_WARN_64_TO_32_BIT_CONVERSION = YES;
				GCC_WARN_ABOUT_RETURN_TYPE = YES_ERROR;
				GCC_WARN_UNDECLARED_SELECTOR = YES;
				GCC_WARN_UNINITIALIZED_AUTOS = YES_AGGRESSIVE;
				GCC_WARN_UNUSED_FUNCTION = YES;
				GCC_WARN_UNUSED_VARIABLE = YES;
				IPHONEOS_DEPLOYMENT_TARGET = 8.1;
				MTL_ENABLE_DEBUG_INFO = YES;
				ONLY_ACTIVE_ARCH = YES;
				SDKROOT = iphoneos;
				SWIFT_OPTIMIZATION_LEVEL = "-Onone";
			};
			name = Debug;
		};
		70171ED31A8A7EAF00EF2334 /* Release */ = {
			isa = XCBuildConfiguration;
			buildSettings = {
				ALWAYS_SEARCH_USER_PATHS = NO;
				CLANG_CXX_LANGUAGE_STANDARD = "gnu++0x";
				CLANG_CXX_LIBRARY = "libc++";
				CLANG_ENABLE_MODULES = YES;
				CLANG_ENABLE_OBJC_ARC = YES;
				CLANG_WARN_BOOL_CONVERSION = YES;
				CLANG_WARN_CONSTANT_CONVERSION = YES;
				CLANG_WARN_DIRECT_OBJC_ISA_USAGE = YES_ERROR;
				CLANG_WARN_EMPTY_BODY = YES;
				CLANG_WARN_ENUM_CONVERSION = YES;
				CLANG_WARN_INT_CONVERSION = YES;
				CLANG_WARN_OBJC_ROOT_CLASS = YES_ERROR;
				CLANG_WARN_UNREACHABLE_CODE = YES;
				CLANG_WARN__DUPLICATE_METHOD_MATCH = YES;
				"CODE_SIGN_IDENTITY[sdk=iphoneos*]" = "iPhone Developer";
				COPY_PHASE_STRIP = YES;
				ENABLE_NS_ASSERTIONS = NO;
				ENABLE_STRICT_OBJC_MSGSEND = YES;
				GCC_C_LANGUAGE_STANDARD = gnu99;
				GCC_WARN_64_TO_32_BIT_CONVERSION = YES;
				GCC_WARN_ABOUT_RETURN_TYPE = YES_ERROR;
				GCC_WARN_UNDECLARED_SELECTOR = YES;
				GCC_WARN_UNINITIALIZED_AUTOS = YES_AGGRESSIVE;
				GCC_WARN_UNUSED_FUNCTION = YES;
				GCC_WARN_UNUSED_VARIABLE = YES;
				IPHONEOS_DEPLOYMENT_TARGET = 8.1;
				MTL_ENABLE_DEBUG_INFO = NO;
				SDKROOT = iphoneos;
				VALIDATE_PRODUCT = YES;
			};
			name = Release;
		};
		70171ED51A8A7EAF00EF2334 /* Debug */ = {
			isa = XCBuildConfiguration;
			buildSettings = {
				ASSETCATALOG_COMPILER_APPICON_NAME = AppIcon;
				ASSETCATALOG_COMPILER_LAUNCHIMAGE_NAME = LaunchImage;
				INFOPLIST_FILE = Carousel/Info.plist;
				LD_RUNPATH_SEARCH_PATHS = "$(inherited) @executable_path/Frameworks";
				PRODUCT_NAME = "$(TARGET_NAME)";
			};
			name = Debug;
		};
		70171ED61A8A7EAF00EF2334 /* Release */ = {
			isa = XCBuildConfiguration;
			buildSettings = {
				ASSETCATALOG_COMPILER_APPICON_NAME = AppIcon;
				ASSETCATALOG_COMPILER_LAUNCHIMAGE_NAME = LaunchImage;
				INFOPLIST_FILE = Carousel/Info.plist;
				LD_RUNPATH_SEARCH_PATHS = "$(inherited) @executable_path/Frameworks";
				PRODUCT_NAME = "$(TARGET_NAME)";
			};
			name = Release;
		};
		70171ED81A8A7EAF00EF2334 /* Debug */ = {
			isa = XCBuildConfiguration;
			buildSettings = {
				BUNDLE_LOADER = "$(TEST_HOST)";
				FRAMEWORK_SEARCH_PATHS = (
					"$(SDKROOT)/Developer/Library/Frameworks",
					"$(inherited)",
				);
				GCC_PREPROCESSOR_DEFINITIONS = (
					"DEBUG=1",
					"$(inherited)",
				);
				INFOPLIST_FILE = CarouselTests/Info.plist;
				LD_RUNPATH_SEARCH_PATHS = "$(inherited) @executable_path/Frameworks @loader_path/Frameworks";
				PRODUCT_NAME = "$(TARGET_NAME)";
				TEST_HOST = "$(BUILT_PRODUCTS_DIR)/Carousel.app/Carousel";
			};
			name = Debug;
		};
		70171ED91A8A7EAF00EF2334 /* Release */ = {
			isa = XCBuildConfiguration;
			buildSettings = {
				BUNDLE_LOADER = "$(TEST_HOST)";
				FRAMEWORK_SEARCH_PATHS = (
					"$(SDKROOT)/Developer/Library/Frameworks",
					"$(inherited)",
				);
				INFOPLIST_FILE = CarouselTests/Info.plist;
				LD_RUNPATH_SEARCH_PATHS = "$(inherited) @executable_path/Frameworks @loader_path/Frameworks";
				PRODUCT_NAME = "$(TARGET_NAME)";
				TEST_HOST = "$(BUILT_PRODUCTS_DIR)/Carousel.app/Carousel";
			};
			name = Release;
		};
/* End XCBuildConfiguration section */

/* Begin XCConfigurationList section */
		70171EB01A8A7EAF00EF2334 /* Build configuration list for PBXProject "Carousel" */ = {
			isa = XCConfigurationList;
			buildConfigurations = (
				70171ED21A8A7EAF00EF2334 /* Debug */,
				70171ED31A8A7EAF00EF2334 /* Release */,
			);
			defaultConfigurationIsVisible = 0;
			defaultConfigurationName = Release;
		};
		70171ED41A8A7EAF00EF2334 /* Build configuration list for PBXNativeTarget "Carousel" */ = {
			isa = XCConfigurationList;
			buildConfigurations = (
				70171ED51A8A7EAF00EF2334 /* Debug */,
				70171ED61A8A7EAF00EF2334 /* Release */,
			);
			defaultConfigurationIsVisible = 0;
			defaultConfigurationName = Release;
		};
		70171ED71A8A7EAF00EF2334 /* Build configuration list for PBXNativeTarget "CarouselTests" */ = {
			isa = XCConfigurationList;
			buildConfigurations = (
				70171ED81A8A7EAF00EF2334 /* Debug */,
				70171ED91A8A7EAF00EF2334 /* Release */,
			);
			defaultConfigurationIsVisible = 0;
			defaultConfigurationName = Release;
		};
/* End XCConfigurationList section */
	};
	rootObject = 70171EAD1A8A7EAF00EF2334 /* Project object */;
}
